// !$*UTF8*$!
{
	archiveVersion = 1;
	classes = {
	};
	objectVersion = 46;
	objects = {

/* Begin PBXBuildFile section */
		240684CF1DFFB31A0036BA17 /* MainViewController.swift in Sources */ = {isa = PBXBuildFile; fileRef = 240684CE1DFFB31A0036BA17 /* MainViewController.swift */; };
		243DFD4C1E092ACD00C08D71 /* CartViewController.swift in Sources */ = {isa = PBXBuildFile; fileRef = 243DFD4B1E092ACD00C08D71 /* CartViewController.swift */; };
		243DFD4F1E0B7A8000C08D71 /* CustomTabBarMainViewController.swift in Sources */ = {isa = PBXBuildFile; fileRef = 243DFD4E1E0B7A8000C08D71 /* CustomTabBarMainViewController.swift */; };
		243DFD511E0B7E5800C08D71 /* CustomTabBar.swift in Sources */ = {isa = PBXBuildFile; fileRef = 243DFD501E0B7E5800C08D71 /* CustomTabBar.swift */; };
		243DFD531E0B886100C08D71 /* VC1ViewController.swift in Sources */ = {isa = PBXBuildFile; fileRef = 243DFD521E0B886100C08D71 /* VC1ViewController.swift */; };
		247FB5131DE81C3E00FCAFDB /* AppDelegate.swift in Sources */ = {isa = PBXBuildFile; fileRef = 247FB5121DE81C3E00FCAFDB /* AppDelegate.swift */; };
		247FB5151DE81C3E00FCAFDB /* RxSwiftViewController.swift in Sources */ = {isa = PBXBuildFile; fileRef = 247FB5141DE81C3E00FCAFDB /* RxSwiftViewController.swift */; };
		247FB5181DE81C3E00FCAFDB /* Main.storyboard in Resources */ = {isa = PBXBuildFile; fileRef = 247FB5161DE81C3E00FCAFDB /* Main.storyboard */; };
		247FB51B1DE81C3E00FCAFDB /* myFirstSwift.xcdatamodeld in Sources */ = {isa = PBXBuildFile; fileRef = 247FB5191DE81C3E00FCAFDB /* myFirstSwift.xcdatamodeld */; };
		247FB51D1DE81C3E00FCAFDB /* Assets.xcassets in Resources */ = {isa = PBXBuildFile; fileRef = 247FB51C1DE81C3E00FCAFDB /* Assets.xcassets */; };
		247FB5201DE81C3E00FCAFDB /* LaunchScreen.storyboard in Resources */ = {isa = PBXBuildFile; fileRef = 247FB51E1DE81C3E00FCAFDB /* LaunchScreen.storyboard */; };
		247FB5291DE81F3300FCAFDB /* ViewSetModel.swift in Sources */ = {isa = PBXBuildFile; fileRef = 247FB5281DE81F3300FCAFDB /* ViewSetModel.swift */; };
		247FB52B1DE83D2300FCAFDB /* BinaryKit.swift in Sources */ = {isa = PBXBuildFile; fileRef = 247FB52A1DE83D2300FCAFDB /* BinaryKit.swift */; };
		247FB52D1DE83E5B00FCAFDB /* AppModel.swift in Sources */ = {isa = PBXBuildFile; fileRef = 247FB52C1DE83E5B00FCAFDB /* AppModel.swift */; };
		24ABAA031E0007F700F004CB /* StickyCollectionViewFlowLayout.swift in Sources */ = {isa = PBXBuildFile; fileRef = 24ABAA021E0007F700F004CB /* StickyCollectionViewFlowLayout.swift */; };
		24ABAA051E0100FD00F004CB /* RealFireChatViewController.swift in Sources */ = {isa = PBXBuildFile; fileRef = 24ABAA041E0100FD00F004CB /* RealFireChatViewController.swift */; };
		24B630CD1E0B94DB004F7270 /* VC2ViewController.swift in Sources */ = {isa = PBXBuildFile; fileRef = 24B630CC1E0B94DB004F7270 /* VC2ViewController.swift */; };
		24B630CF1E0B980E004F7270 /* VC1NextViewController.swift in Sources */ = {isa = PBXBuildFile; fileRef = 24B630CE1E0B980E004F7270 /* VC1NextViewController.swift */; };
		24B630D11E0BDCBD004F7270 /* CustomTabBarItem.swift in Sources */ = {isa = PBXBuildFile; fileRef = 24B630D01E0BDCBD004F7270 /* CustomTabBarItem.swift */; };
		24B630D31E0CD941004F7270 /* CustomTabAnimatedTransitioning.swift in Sources */ = {isa = PBXBuildFile; fileRef = 24B630D21E0CD941004F7270 /* CustomTabAnimatedTransitioning.swift */; };
		24B630D61E0D234E004F7270 /* CustomScrollContainerMainViewController.swift in Sources */ = {isa = PBXBuildFile; fileRef = 24B630D51E0D234E004F7270 /* CustomScrollContainerMainViewController.swift */; };
		24B630D81E0D244A004F7270 /* AViewController.swift in Sources */ = {isa = PBXBuildFile; fileRef = 24B630D71E0D244A004F7270 /* AViewController.swift */; };
		24B630DA1E0D2473004F7270 /* BViewController.swift in Sources */ = {isa = PBXBuildFile; fileRef = 24B630D91E0D2473004F7270 /* BViewController.swift */; };
		24B630DC1E0D248F004F7270 /* CViewController.swift in Sources */ = {isa = PBXBuildFile; fileRef = 24B630DB1E0D248F004F7270 /* CViewController.swift */; };
		24E914001E02B58700DD3DE4 /* Channel.swift in Sources */ = {isa = PBXBuildFile; fileRef = 24E913FB1E02B58700DD3DE4 /* Channel.swift */; };
		24E914011E02B58700DD3DE4 /* ChannelListViewController.swift in Sources */ = {isa = PBXBuildFile; fileRef = 24E913FC1E02B58700DD3DE4 /* ChannelListViewController.swift */; };
		24E914021E02B58700DD3DE4 /* ChatViewController.swift in Sources */ = {isa = PBXBuildFile; fileRef = 24E913FD1E02B58700DD3DE4 /* ChatViewController.swift */; };
		24E914031E02B58700DD3DE4 /* CreateChannelCell.swift in Sources */ = {isa = PBXBuildFile; fileRef = 24E913FE1E02B58700DD3DE4 /* CreateChannelCell.swift */; };
		24E914041E02B58700DD3DE4 /* LoginViewController.swift in Sources */ = {isa = PBXBuildFile; fileRef = 24E913FF1E02B58700DD3DE4 /* LoginViewController.swift */; };
		24E914061E02B66E00DD3DE4 /* RealTimeChat.storyboard in Resources */ = {isa = PBXBuildFile; fileRef = 24E914051E02B66E00DD3DE4 /* RealTimeChat.storyboard */; };
		24E914081E03925000DD3DE4 /* UIImage+Gif.swift in Sources */ = {isa = PBXBuildFile; fileRef = 24E914071E03925000DD3DE4 /* UIImage+Gif.swift */; };
		24E9140B1E03CC4300DD3DE4 /* NaihoChatMessengerViewController.swift in Sources */ = {isa = PBXBuildFile; fileRef = 24E9140A1E03CC4300DD3DE4 /* NaihoChatMessengerViewController.swift */; };
		24E9140D1E03CD1F00DD3DE4 /* NaihoChatMessengerTableViewCell.swift in Sources */ = {isa = PBXBuildFile; fileRef = 24E9140C1E03CD1F00DD3DE4 /* NaihoChatMessengerTableViewCell.swift */; };
		24E9140F1E03D3DB00DD3DE4 /* NaihoChatMessengerModel.swift in Sources */ = {isa = PBXBuildFile; fileRef = 24E9140E1E03D3DB00DD3DE4 /* NaihoChatMessengerModel.swift */; };
		24E914111E03D53400DD3DE4 /* NaihoMessageModel.swift in Sources */ = {isa = PBXBuildFile; fileRef = 24E914101E03D53400DD3DE4 /* NaihoMessageModel.swift */; };
		24E914141E03D60700DD3DE4 /* NaihoUserModel.swift in Sources */ = {isa = PBXBuildFile; fileRef = 24E914131E03D60700DD3DE4 /* NaihoUserModel.swift */; };
		24E914161E077C8000DD3DE4 /* NaihoConstants.swift in Sources */ = {isa = PBXBuildFile; fileRef = 24E914151E077C8000DD3DE4 /* NaihoConstants.swift */; };
		24F950781DF7C93C00D18141 /* Chocolate.swift in Sources */ = {isa = PBXBuildFile; fileRef = 24F950771DF7C93C00D18141 /* Chocolate.swift */; };
		24F9507A1DF7CA1F00D18141 /* ShoppingCart.swift in Sources */ = {isa = PBXBuildFile; fileRef = 24F950791DF7CA1F00D18141 /* ShoppingCart.swift */; };
		24F9507C1DF7CBB100D18141 /* ChocolateCell.swift in Sources */ = {isa = PBXBuildFile; fileRef = 24F9507B1DF7CBB100D18141 /* ChocolateCell.swift */; };
		24F9507E1DF7CBFF00D18141 /* CurrencyFormatter.swift in Sources */ = {isa = PBXBuildFile; fileRef = 24F9507D1DF7CBFF00D18141 /* CurrencyFormatter.swift */; };
		24F950811DF7EFF100D18141 /* BaseViewController.swift in Sources */ = {isa = PBXBuildFile; fileRef = 24F950801DF7EFF100D18141 /* BaseViewController.swift */; };
		24F950831DF816FF00D18141 /* StickyCollectionViewController.swift in Sources */ = {isa = PBXBuildFile; fileRef = 24F950821DF816FF00D18141 /* StickyCollectionViewController.swift */; };
		24F950881DF81F3F00D18141 /* CollectionParallaxHeader.swift in Sources */ = {isa = PBXBuildFile; fileRef = 24F950851DF81F3F00D18141 /* CollectionParallaxHeader.swift */; };
		24F950891DF81F3F00D18141 /* CollectionViewCell.swift in Sources */ = {isa = PBXBuildFile; fileRef = 24F950861DF81F3F00D18141 /* CollectionViewCell.swift */; };
		24F9508A1DF81F3F00D18141 /* CollectionViewSectionHeader.swift in Sources */ = {isa = PBXBuildFile; fileRef = 24F950871DF81F3F00D18141 /* CollectionViewSectionHeader.swift */; };
		24F950921DF90A7E00D18141 /* SlideShowCollectionViewCell.swift in Sources */ = {isa = PBXBuildFile; fileRef = 24F950911DF90A7E00D18141 /* SlideShowCollectionViewCell.swift */; };
		24F950951DF95D1C00D18141 /* StickyHeaderCollectionViewCell.swift in Sources */ = {isa = PBXBuildFile; fileRef = 24F950941DF95D1C00D18141 /* StickyHeaderCollectionViewCell.swift */; };
		24F950971DF95D6B00D18141 /* StickyHeaderCollectionViewController.swift in Sources */ = {isa = PBXBuildFile; fileRef = 24F950961DF95D6B00D18141 /* StickyHeaderCollectionViewController.swift */; };
		24F9509A1DF9738700D18141 /* CSStickyHeaderFlowLayout.swift in Sources */ = {isa = PBXBuildFile; fileRef = 24F950981DF9738700D18141 /* CSStickyHeaderFlowLayout.swift */; };
		24F9509B1DF9738700D18141 /* CSStickyHeaderFlowLayoutAttributes.swift in Sources */ = {isa = PBXBuildFile; fileRef = 24F950991DF9738700D18141 /* CSStickyHeaderFlowLayoutAttributes.swift */; };
		24F950A21DFA5C9500D18141 /* JSQChatViewController.swift in Sources */ = {isa = PBXBuildFile; fileRef = 24F9509D1DFA5C9500D18141 /* JSQChatViewController.swift */; };
		24F950A31DFA5C9500D18141 /* Conversation.swift in Sources */ = {isa = PBXBuildFile; fileRef = 24F9509E1DFA5C9500D18141 /* Conversation.swift */; };
		24F950A41DFA5C9500D18141 /* DemoConversation.swift in Sources */ = {isa = PBXBuildFile; fileRef = 24F9509F1DFA5C9500D18141 /* DemoConversation.swift */; };
		24F950A51DFA5C9500D18141 /* ChatInitalTableViewController.swift in Sources */ = {isa = PBXBuildFile; fileRef = 24F950A01DFA5C9500D18141 /* ChatInitalTableViewController.swift */; };
		24F950A61DFA5C9500D18141 /* SettingsTableViewController.swift in Sources */ = {isa = PBXBuildFile; fileRef = 24F950A11DFA5C9500D18141 /* SettingsTableViewController.swift */; };
		24F950BF1DFE605A00D18141 /* GoogleService-Info.plist in Resources */ = {isa = PBXBuildFile; fileRef = 24F950BE1DFE605A00D18141 /* GoogleService-Info.plist */; };
		24F950C11DFE629400D18141 /* FireChatLoginViewController.swift in Sources */ = {isa = PBXBuildFile; fileRef = 24F950C01DFE629400D18141 /* FireChatLoginViewController.swift */; };
		24F950C31DFEAB3700D18141 /* FireChatViewController.swift in Sources */ = {isa = PBXBuildFile; fileRef = 24F950C21DFEAB3700D18141 /* FireChatViewController.swift */; };
		B2738F9B8F7797B86988A3E2 /* Pods_myFirstSwift.framework in Frameworks */ = {isa = PBXBuildFile; fileRef = 504B4C288421A43CDC532B8D /* Pods_myFirstSwift.framework */; };
/* End PBXBuildFile section */

/* Begin PBXFileReference section */
		0E8D20784C68E029C44FFDEF /* Pods-myFirstSwift.debug.xcconfig */ = {isa = PBXFileReference; includeInIndex = 1; lastKnownFileType = text.xcconfig; name = "Pods-myFirstSwift.debug.xcconfig"; path = "Pods/Target Support Files/Pods-myFirstSwift/Pods-myFirstSwift.debug.xcconfig"; sourceTree = "<group>"; };
		240684CE1DFFB31A0036BA17 /* MainViewController.swift */ = {isa = PBXFileReference; fileEncoding = 4; lastKnownFileType = sourcecode.swift; path = MainViewController.swift; sourceTree = "<group>"; };
		243DFD4B1E092ACD00C08D71 /* CartViewController.swift */ = {isa = PBXFileReference; fileEncoding = 4; lastKnownFileType = sourcecode.swift; path = CartViewController.swift; sourceTree = "<group>"; };
		243DFD4E1E0B7A8000C08D71 /* CustomTabBarMainViewController.swift */ = {isa = PBXFileReference; fileEncoding = 4; lastKnownFileType = sourcecode.swift; path = CustomTabBarMainViewController.swift; sourceTree = "<group>"; };
		243DFD501E0B7E5800C08D71 /* CustomTabBar.swift */ = {isa = PBXFileReference; fileEncoding = 4; lastKnownFileType = sourcecode.swift; path = CustomTabBar.swift; sourceTree = "<group>"; };
		243DFD521E0B886100C08D71 /* VC1ViewController.swift */ = {isa = PBXFileReference; fileEncoding = 4; lastKnownFileType = sourcecode.swift; path = VC1ViewController.swift; sourceTree = "<group>"; };
		247FB50F1DE81C3E00FCAFDB /* myFirstSwift.app */ = {isa = PBXFileReference; explicitFileType = wrapper.application; includeInIndex = 0; path = myFirstSwift.app; sourceTree = BUILT_PRODUCTS_DIR; };
		247FB5121DE81C3E00FCAFDB /* AppDelegate.swift */ = {isa = PBXFileReference; lastKnownFileType = sourcecode.swift; path = AppDelegate.swift; sourceTree = "<group>"; };
		247FB5141DE81C3E00FCAFDB /* RxSwiftViewController.swift */ = {isa = PBXFileReference; lastKnownFileType = sourcecode.swift; path = RxSwiftViewController.swift; sourceTree = "<group>"; };
		247FB5171DE81C3E00FCAFDB /* Base */ = {isa = PBXFileReference; lastKnownFileType = file.storyboard; name = Base; path = Base.lproj/Main.storyboard; sourceTree = "<group>"; };
		247FB51A1DE81C3E00FCAFDB /* myFirstSwift.xcdatamodel */ = {isa = PBXFileReference; lastKnownFileType = wrapper.xcdatamodel; path = myFirstSwift.xcdatamodel; sourceTree = "<group>"; };
		247FB51C1DE81C3E00FCAFDB /* Assets.xcassets */ = {isa = PBXFileReference; lastKnownFileType = folder.assetcatalog; path = Assets.xcassets; sourceTree = "<group>"; };
		247FB51F1DE81C3E00FCAFDB /* Base */ = {isa = PBXFileReference; lastKnownFileType = file.storyboard; name = Base; path = Base.lproj/LaunchScreen.storyboard; sourceTree = "<group>"; };
		247FB5211DE81C3E00FCAFDB /* Info.plist */ = {isa = PBXFileReference; lastKnownFileType = text.plist.xml; path = Info.plist; sourceTree = "<group>"; };
		247FB5281DE81F3300FCAFDB /* ViewSetModel.swift */ = {isa = PBXFileReference; fileEncoding = 4; lastKnownFileType = sourcecode.swift; path = ViewSetModel.swift; sourceTree = "<group>"; };
		247FB52A1DE83D2300FCAFDB /* BinaryKit.swift */ = {isa = PBXFileReference; fileEncoding = 4; lastKnownFileType = sourcecode.swift; path = BinaryKit.swift; sourceTree = "<group>"; };
		247FB52C1DE83E5B00FCAFDB /* AppModel.swift */ = {isa = PBXFileReference; fileEncoding = 4; lastKnownFileType = sourcecode.swift; path = AppModel.swift; sourceTree = "<group>"; };
		24ABAA021E0007F700F004CB /* StickyCollectionViewFlowLayout.swift */ = {isa = PBXFileReference; fileEncoding = 4; lastKnownFileType = sourcecode.swift; path = StickyCollectionViewFlowLayout.swift; sourceTree = "<group>"; };
		24ABAA041E0100FD00F004CB /* RealFireChatViewController.swift */ = {isa = PBXFileReference; fileEncoding = 4; lastKnownFileType = sourcecode.swift; path = RealFireChatViewController.swift; sourceTree = "<group>"; };
		24B630CC1E0B94DB004F7270 /* VC2ViewController.swift */ = {isa = PBXFileReference; fileEncoding = 4; lastKnownFileType = sourcecode.swift; path = VC2ViewController.swift; sourceTree = "<group>"; };
		24B630CE1E0B980E004F7270 /* VC1NextViewController.swift */ = {isa = PBXFileReference; fileEncoding = 4; lastKnownFileType = sourcecode.swift; path = VC1NextViewController.swift; sourceTree = "<group>"; };
		24B630D01E0BDCBD004F7270 /* CustomTabBarItem.swift */ = {isa = PBXFileReference; fileEncoding = 4; lastKnownFileType = sourcecode.swift; path = CustomTabBarItem.swift; sourceTree = "<group>"; };
		24B630D21E0CD941004F7270 /* CustomTabAnimatedTransitioning.swift */ = {isa = PBXFileReference; fileEncoding = 4; lastKnownFileType = sourcecode.swift; path = CustomTabAnimatedTransitioning.swift; sourceTree = "<group>"; };
		24B630D51E0D234E004F7270 /* CustomScrollContainerMainViewController.swift */ = {isa = PBXFileReference; fileEncoding = 4; lastKnownFileType = sourcecode.swift; path = CustomScrollContainerMainViewController.swift; sourceTree = "<group>"; };
		24B630D71E0D244A004F7270 /* AViewController.swift */ = {isa = PBXFileReference; fileEncoding = 4; lastKnownFileType = sourcecode.swift; path = AViewController.swift; sourceTree = "<group>"; };
		24B630D91E0D2473004F7270 /* BViewController.swift */ = {isa = PBXFileReference; fileEncoding = 4; lastKnownFileType = sourcecode.swift; path = BViewController.swift; sourceTree = "<group>"; };
		24B630DB1E0D248F004F7270 /* CViewController.swift */ = {isa = PBXFileReference; fileEncoding = 4; lastKnownFileType = sourcecode.swift; path = CViewController.swift; sourceTree = "<group>"; };
		24C654811DE96BB900AF8E61 /* myFirstSwift-Bridging-Header.h */ = {isa = PBXFileReference; lastKnownFileType = sourcecode.c.h; path = "myFirstSwift-Bridging-Header.h"; sourceTree = "<group>"; };
		24E913FB1E02B58700DD3DE4 /* Channel.swift */ = {isa = PBXFileReference; fileEncoding = 4; lastKnownFileType = sourcecode.swift; path = Channel.swift; sourceTree = "<group>"; };
		24E913FC1E02B58700DD3DE4 /* ChannelListViewController.swift */ = {isa = PBXFileReference; fileEncoding = 4; lastKnownFileType = sourcecode.swift; path = ChannelListViewController.swift; sourceTree = "<group>"; };
		24E913FD1E02B58700DD3DE4 /* ChatViewController.swift */ = {isa = PBXFileReference; fileEncoding = 4; lastKnownFileType = sourcecode.swift; path = ChatViewController.swift; sourceTree = "<group>"; };
		24E913FE1E02B58700DD3DE4 /* CreateChannelCell.swift */ = {isa = PBXFileReference; fileEncoding = 4; lastKnownFileType = sourcecode.swift; path = CreateChannelCell.swift; sourceTree = "<group>"; };
		24E913FF1E02B58700DD3DE4 /* LoginViewController.swift */ = {isa = PBXFileReference; fileEncoding = 4; lastKnownFileType = sourcecode.swift; path = LoginViewController.swift; sourceTree = "<group>"; };
		24E914051E02B66E00DD3DE4 /* RealTimeChat.storyboard */ = {isa = PBXFileReference; fileEncoding = 4; lastKnownFileType = file.storyboard; path = RealTimeChat.storyboard; sourceTree = "<group>"; };
		24E914071E03925000DD3DE4 /* UIImage+Gif.swift */ = {isa = PBXFileReference; fileEncoding = 4; lastKnownFileType = sourcecode.swift; path = "UIImage+Gif.swift"; sourceTree = "<group>"; };
		24E9140A1E03CC4300DD3DE4 /* NaihoChatMessengerViewController.swift */ = {isa = PBXFileReference; fileEncoding = 4; lastKnownFileType = sourcecode.swift; path = NaihoChatMessengerViewController.swift; sourceTree = "<group>"; };
		24E9140C1E03CD1F00DD3DE4 /* NaihoChatMessengerTableViewCell.swift */ = {isa = PBXFileReference; fileEncoding = 4; lastKnownFileType = sourcecode.swift; path = NaihoChatMessengerTableViewCell.swift; sourceTree = "<group>"; };
		24E9140E1E03D3DB00DD3DE4 /* NaihoChatMessengerModel.swift */ = {isa = PBXFileReference; fileEncoding = 4; lastKnownFileType = sourcecode.swift; path = NaihoChatMessengerModel.swift; sourceTree = "<group>"; };
		24E914101E03D53400DD3DE4 /* NaihoMessageModel.swift */ = {isa = PBXFileReference; fileEncoding = 4; lastKnownFileType = sourcecode.swift; path = NaihoMessageModel.swift; sourceTree = "<group>"; };
		24E914131E03D60700DD3DE4 /* NaihoUserModel.swift */ = {isa = PBXFileReference; fileEncoding = 4; lastKnownFileType = sourcecode.swift; path = NaihoUserModel.swift; sourceTree = "<group>"; };
		24E914151E077C8000DD3DE4 /* NaihoConstants.swift */ = {isa = PBXFileReference; fileEncoding = 4; lastKnownFileType = sourcecode.swift; path = NaihoConstants.swift; sourceTree = "<group>"; };
		24F950771DF7C93C00D18141 /* Chocolate.swift */ = {isa = PBXFileReference; fileEncoding = 4; lastKnownFileType = sourcecode.swift; path = Chocolate.swift; sourceTree = "<group>"; };
		24F950791DF7CA1F00D18141 /* ShoppingCart.swift */ = {isa = PBXFileReference; fileEncoding = 4; lastKnownFileType = sourcecode.swift; path = ShoppingCart.swift; sourceTree = "<group>"; };
		24F9507B1DF7CBB100D18141 /* ChocolateCell.swift */ = {isa = PBXFileReference; fileEncoding = 4; lastKnownFileType = sourcecode.swift; path = ChocolateCell.swift; sourceTree = "<group>"; };
		24F9507D1DF7CBFF00D18141 /* CurrencyFormatter.swift */ = {isa = PBXFileReference; fileEncoding = 4; lastKnownFileType = sourcecode.swift; path = CurrencyFormatter.swift; sourceTree = "<group>"; };
		24F950801DF7EFF100D18141 /* BaseViewController.swift */ = {isa = PBXFileReference; fileEncoding = 4; lastKnownFileType = sourcecode.swift; path = BaseViewController.swift; sourceTree = "<group>"; };
		24F950821DF816FF00D18141 /* StickyCollectionViewController.swift */ = {isa = PBXFileReference; fileEncoding = 4; lastKnownFileType = sourcecode.swift; path = StickyCollectionViewController.swift; sourceTree = "<group>"; };
		24F950851DF81F3F00D18141 /* CollectionParallaxHeader.swift */ = {isa = PBXFileReference; fileEncoding = 4; lastKnownFileType = sourcecode.swift; path = CollectionParallaxHeader.swift; sourceTree = "<group>"; };
		24F950861DF81F3F00D18141 /* CollectionViewCell.swift */ = {isa = PBXFileReference; fileEncoding = 4; lastKnownFileType = sourcecode.swift; path = CollectionViewCell.swift; sourceTree = "<group>"; };
		24F950871DF81F3F00D18141 /* CollectionViewSectionHeader.swift */ = {isa = PBXFileReference; fileEncoding = 4; lastKnownFileType = sourcecode.swift; path = CollectionViewSectionHeader.swift; sourceTree = "<group>"; };
		24F9508B1DF8267200D18141 /* CSStickyHeaderFlowLayout.framework */ = {isa = PBXFileReference; lastKnownFileType = wrapper.framework; name = CSStickyHeaderFlowLayout.framework; path = "../../../../Library/Developer/Xcode/DerivedData/myFirstSwift-dcauixyzhesrijhfbchwlgpprvzm/Build/Products/Debug-iphonesimulator/CSStickyHeaderFlowLayout/CSStickyHeaderFlowLayout.framework"; sourceTree = "<group>"; };
		24F950911DF90A7E00D18141 /* SlideShowCollectionViewCell.swift */ = {isa = PBXFileReference; fileEncoding = 4; lastKnownFileType = sourcecode.swift; path = SlideShowCollectionViewCell.swift; sourceTree = "<group>"; };
		24F950941DF95D1C00D18141 /* StickyHeaderCollectionViewCell.swift */ = {isa = PBXFileReference; fileEncoding = 4; lastKnownFileType = sourcecode.swift; path = StickyHeaderCollectionViewCell.swift; sourceTree = "<group>"; };
		24F950961DF95D6B00D18141 /* StickyHeaderCollectionViewController.swift */ = {isa = PBXFileReference; fileEncoding = 4; lastKnownFileType = sourcecode.swift; path = StickyHeaderCollectionViewController.swift; sourceTree = "<group>"; };
		24F950981DF9738700D18141 /* CSStickyHeaderFlowLayout.swift */ = {isa = PBXFileReference; fileEncoding = 4; lastKnownFileType = sourcecode.swift; path = CSStickyHeaderFlowLayout.swift; sourceTree = "<group>"; };
		24F950991DF9738700D18141 /* CSStickyHeaderFlowLayoutAttributes.swift */ = {isa = PBXFileReference; fileEncoding = 4; lastKnownFileType = sourcecode.swift; path = CSStickyHeaderFlowLayoutAttributes.swift; sourceTree = "<group>"; };
		24F9509D1DFA5C9500D18141 /* JSQChatViewController.swift */ = {isa = PBXFileReference; fileEncoding = 4; lastKnownFileType = sourcecode.swift; path = JSQChatViewController.swift; sourceTree = "<group>"; };
		24F9509E1DFA5C9500D18141 /* Conversation.swift */ = {isa = PBXFileReference; fileEncoding = 4; lastKnownFileType = sourcecode.swift; path = Conversation.swift; sourceTree = "<group>"; };
		24F9509F1DFA5C9500D18141 /* DemoConversation.swift */ = {isa = PBXFileReference; fileEncoding = 4; lastKnownFileType = sourcecode.swift; path = DemoConversation.swift; sourceTree = "<group>"; };
		24F950A01DFA5C9500D18141 /* ChatInitalTableViewController.swift */ = {isa = PBXFileReference; fileEncoding = 4; lastKnownFileType = sourcecode.swift; path = ChatInitalTableViewController.swift; sourceTree = "<group>"; };
		24F950A11DFA5C9500D18141 /* SettingsTableViewController.swift */ = {isa = PBXFileReference; fileEncoding = 4; lastKnownFileType = sourcecode.swift; path = SettingsTableViewController.swift; sourceTree = "<group>"; };
		24F950AA1DFA646C00D18141 /* jsq_messages_sample.m4a */ = {isa = PBXFileReference; lastKnownFileType = file; path = jsq_messages_sample.m4a; sourceTree = "<group>"; };
		24F950BE1DFE605A00D18141 /* GoogleService-Info.plist */ = {isa = PBXFileReference; fileEncoding = 4; lastKnownFileType = text.plist.xml; path = "GoogleService-Info.plist"; sourceTree = "<group>"; };
		24F950C01DFE629400D18141 /* FireChatLoginViewController.swift */ = {isa = PBXFileReference; fileEncoding = 4; lastKnownFileType = sourcecode.swift; path = FireChatLoginViewController.swift; sourceTree = "<group>"; };
		24F950C21DFEAB3700D18141 /* FireChatViewController.swift */ = {isa = PBXFileReference; fileEncoding = 4; lastKnownFileType = sourcecode.swift; path = FireChatViewController.swift; sourceTree = "<group>"; };
		26665E57A1AB3AB07AA41858 /* Pods-myFirstSwift.release.xcconfig */ = {isa = PBXFileReference; includeInIndex = 1; lastKnownFileType = text.xcconfig; name = "Pods-myFirstSwift.release.xcconfig"; path = "Pods/Target Support Files/Pods-myFirstSwift/Pods-myFirstSwift.release.xcconfig"; sourceTree = "<group>"; };
		504B4C288421A43CDC532B8D /* Pods_myFirstSwift.framework */ = {isa = PBXFileReference; explicitFileType = wrapper.framework; includeInIndex = 0; path = Pods_myFirstSwift.framework; sourceTree = BUILT_PRODUCTS_DIR; };
/* End PBXFileReference section */

/* Begin PBXFrameworksBuildPhase section */
		247FB50C1DE81C3E00FCAFDB /* Frameworks */ = {
			isa = PBXFrameworksBuildPhase;
			buildActionMask = 2147483647;
			files = (
				B2738F9B8F7797B86988A3E2 /* Pods_myFirstSwift.framework in Frameworks */,
			);
			runOnlyForDeploymentPostprocessing = 0;
		};
/* End PBXFrameworksBuildPhase section */

/* Begin PBXGroup section */
		240684CD1DFFB2D50036BA17 /* main */ = {
			isa = PBXGroup;
			children = (
				240684CE1DFFB31A0036BA17 /* MainViewController.swift */,
			);
			name = main;
			sourceTree = "<group>";
		};
		243DFD4D1E0B7A5A00C08D71 /* customTabBar */ = {
			isa = PBXGroup;
			children = (
				243DFD4E1E0B7A8000C08D71 /* CustomTabBarMainViewController.swift */,
				243DFD501E0B7E5800C08D71 /* CustomTabBar.swift */,
				24B630D01E0BDCBD004F7270 /* CustomTabBarItem.swift */,
				243DFD521E0B886100C08D71 /* VC1ViewController.swift */,
				24B630CC1E0B94DB004F7270 /* VC2ViewController.swift */,
				24B630CE1E0B980E004F7270 /* VC1NextViewController.swift */,
				24B630D21E0CD941004F7270 /* CustomTabAnimatedTransitioning.swift */,
			);
			name = customTabBar;
			sourceTree = "<group>";
		};
		247FB5061DE81C3E00FCAFDB = {
			isa = PBXGroup;
			children = (
				247FB5111DE81C3E00FCAFDB /* myFirstSwift */,
				247FB5101DE81C3E00FCAFDB /* Products */,
				F2A47450CEED554CF5D880F6 /* Frameworks */,
				EEF191F40089E0A0D338D151 /* Pods */,
			);
			sourceTree = "<group>";
		};
		247FB5101DE81C3E00FCAFDB /* Products */ = {
			isa = PBXGroup;
			children = (
				247FB50F1DE81C3E00FCAFDB /* myFirstSwift.app */,
			);
			name = Products;
			sourceTree = "<group>";
		};
		247FB5111DE81C3E00FCAFDB /* myFirstSwift */ = {
			isa = PBXGroup;
			children = (
				24B630D41E0D231B004F7270 /* CustomScrollContainer */,
				243DFD4D1E0B7A5A00C08D71 /* customTabBar */,
				24E914091E03CA3900DD3DE4 /* naihoFireChat */,
				24E913FA1E02B56400DD3DE4 /* realTimeChat */,
				240684CD1DFFB2D50036BA17 /* main */,
				24F950BD1DFE604700D18141 /* fireChat */,
				24F950A71DFA623C00D18141 /* rxSwift */,
				24F9509C1DFA5C0E00D18141 /* chat */,
				24F950931DF9589C00D18141 /* stickyCollectionView */,
				24F950841DF8195B00D18141 /* stickyHeader */,
				24F9507F1DF7EFBE00D18141 /* base */,
				24C654821DE96C6B00AF8E61 /* objectiveC */,
				247FB5271DE81F1500FCAFDB /* models */,
				247FB5121DE81C3E00FCAFDB /* AppDelegate.swift */,
				247FB5161DE81C3E00FCAFDB /* Main.storyboard */,
				247FB51C1DE81C3E00FCAFDB /* Assets.xcassets */,
				247FB51E1DE81C3E00FCAFDB /* LaunchScreen.storyboard */,
				247FB5211DE81C3E00FCAFDB /* Info.plist */,
				247FB5191DE81C3E00FCAFDB /* myFirstSwift.xcdatamodeld */,
			);
			path = myFirstSwift;
			sourceTree = "<group>";
		};
		247FB5271DE81F1500FCAFDB /* models */ = {
			isa = PBXGroup;
			children = (
				24F9507D1DF7CBFF00D18141 /* CurrencyFormatter.swift */,
				24F950791DF7CA1F00D18141 /* ShoppingCart.swift */,
				24F950771DF7C93C00D18141 /* Chocolate.swift */,
				247FB5281DE81F3300FCAFDB /* ViewSetModel.swift */,
				247FB52A1DE83D2300FCAFDB /* BinaryKit.swift */,
				247FB52C1DE83E5B00FCAFDB /* AppModel.swift */,
			);
			name = models;
			sourceTree = "<group>";
		};
		24B630D41E0D231B004F7270 /* CustomScrollContainer */ = {
			isa = PBXGroup;
			children = (
				24B630D51E0D234E004F7270 /* CustomScrollContainerMainViewController.swift */,
				24B630D71E0D244A004F7270 /* AViewController.swift */,
				24B630D91E0D2473004F7270 /* BViewController.swift */,
				24B630DB1E0D248F004F7270 /* CViewController.swift */,
			);
			name = CustomScrollContainer;
			sourceTree = "<group>";
		};
		24C654821DE96C6B00AF8E61 /* objectiveC */ = {
			isa = PBXGroup;
			children = (
				24C654811DE96BB900AF8E61 /* myFirstSwift-Bridging-Header.h */,
			);
			name = objectiveC;
			sourceTree = "<group>";
		};
		24E913FA1E02B56400DD3DE4 /* realTimeChat */ = {
			isa = PBXGroup;
			children = (
				24E914051E02B66E00DD3DE4 /* RealTimeChat.storyboard */,
				24E914071E03925000DD3DE4 /* UIImage+Gif.swift */,
				24E913FB1E02B58700DD3DE4 /* Channel.swift */,
				24E913FC1E02B58700DD3DE4 /* ChannelListViewController.swift */,
				24E913FD1E02B58700DD3DE4 /* ChatViewController.swift */,
				24E913FE1E02B58700DD3DE4 /* CreateChannelCell.swift */,
				24E913FF1E02B58700DD3DE4 /* LoginViewController.swift */,
			);
			name = realTimeChat;
			sourceTree = "<group>";
		};
		24E914091E03CA3900DD3DE4 /* naihoFireChat */ = {
			isa = PBXGroup;
			children = (
				24E9140A1E03CC4300DD3DE4 /* NaihoChatMessengerViewController.swift */,
				24E9140C1E03CD1F00DD3DE4 /* NaihoChatMessengerTableViewCell.swift */,
				24E9140E1E03D3DB00DD3DE4 /* NaihoChatMessengerModel.swift */,
				24E914101E03D53400DD3DE4 /* NaihoMessageModel.swift */,
				24E914131E03D60700DD3DE4 /* NaihoUserModel.swift */,
				24E914151E077C8000DD3DE4 /* NaihoConstants.swift */,
			);
			name = naihoFireChat;
			sourceTree = "<group>";
		};
		24F9507F1DF7EFBE00D18141 /* base */ = {
			isa = PBXGroup;
			children = (
				24F950801DF7EFF100D18141 /* BaseViewController.swift */,
			);
			name = base;
			sourceTree = "<group>";
		};
		24F950841DF8195B00D18141 /* stickyHeader */ = {
			isa = PBXGroup;
			children = (
				24F950981DF9738700D18141 /* CSStickyHeaderFlowLayout.swift */,
				24F950991DF9738700D18141 /* CSStickyHeaderFlowLayoutAttributes.swift */,
				24F950851DF81F3F00D18141 /* CollectionParallaxHeader.swift */,
				24F950871DF81F3F00D18141 /* CollectionViewSectionHeader.swift */,
				24F950941DF95D1C00D18141 /* StickyHeaderCollectionViewCell.swift */,
				24F950961DF95D6B00D18141 /* StickyHeaderCollectionViewController.swift */,
			);
			name = stickyHeader;
			sourceTree = "<group>";
		};
		24F950931DF9589C00D18141 /* stickyCollectionView */ = {
			isa = PBXGroup;
			children = (
				24ABAA021E0007F700F004CB /* StickyCollectionViewFlowLayout.swift */,
				24F950861DF81F3F00D18141 /* CollectionViewCell.swift */,
				24F950821DF816FF00D18141 /* StickyCollectionViewController.swift */,
				24F950911DF90A7E00D18141 /* SlideShowCollectionViewCell.swift */,
			);
			name = stickyCollectionView;
			sourceTree = "<group>";
		};
		24F9509C1DFA5C0E00D18141 /* chat */ = {
			isa = PBXGroup;
			children = (
				24F950AA1DFA646C00D18141 /* jsq_messages_sample.m4a */,
				24F9509D1DFA5C9500D18141 /* JSQChatViewController.swift */,
				24F9509E1DFA5C9500D18141 /* Conversation.swift */,
				24F9509F1DFA5C9500D18141 /* DemoConversation.swift */,
				24F950A01DFA5C9500D18141 /* ChatInitalTableViewController.swift */,
				24F950A11DFA5C9500D18141 /* SettingsTableViewController.swift */,
			);
			name = chat;
			sourceTree = "<group>";
		};
		24F950A71DFA623C00D18141 /* rxSwift */ = {
			isa = PBXGroup;
			children = (
				247FB5141DE81C3E00FCAFDB /* RxSwiftViewController.swift */,
				24F9507B1DF7CBB100D18141 /* ChocolateCell.swift */,
				243DFD4B1E092ACD00C08D71 /* CartViewController.swift */,
			);
			name = rxSwift;
			sourceTree = "<group>";
		};
		24F950BD1DFE604700D18141 /* fireChat */ = {
			isa = PBXGroup;
			children = (
				24F950BE1DFE605A00D18141 /* GoogleService-Info.plist */,
				24F950C01DFE629400D18141 /* FireChatLoginViewController.swift */,
				24F950C21DFEAB3700D18141 /* FireChatViewController.swift */,
				24ABAA041E0100FD00F004CB /* RealFireChatViewController.swift */,
			);
			name = fireChat;
			sourceTree = "<group>";
		};
		EEF191F40089E0A0D338D151 /* Pods */ = {
			isa = PBXGroup;
			children = (
				0E8D20784C68E029C44FFDEF /* Pods-myFirstSwift.debug.xcconfig */,
				26665E57A1AB3AB07AA41858 /* Pods-myFirstSwift.release.xcconfig */,
			);
			name = Pods;
			sourceTree = "<group>";
		};
		F2A47450CEED554CF5D880F6 /* Frameworks */ = {
			isa = PBXGroup;
			children = (
				24F9508B1DF8267200D18141 /* CSStickyHeaderFlowLayout.framework */,
				504B4C288421A43CDC532B8D /* Pods_myFirstSwift.framework */,
			);
			name = Frameworks;
			sourceTree = "<group>";
		};
/* End PBXGroup section */

/* Begin PBXNativeTarget section */
		247FB50E1DE81C3E00FCAFDB /* myFirstSwift */ = {
			isa = PBXNativeTarget;
			buildConfigurationList = 247FB5241DE81C3E00FCAFDB /* Build configuration list for PBXNativeTarget "myFirstSwift" */;
			buildPhases = (
				17596CBE23ED6252C75EF578 /* [CP] Check Pods Manifest.lock */,
				247FB50B1DE81C3E00FCAFDB /* Sources */,
				247FB50C1DE81C3E00FCAFDB /* Frameworks */,
				247FB50D1DE81C3E00FCAFDB /* Resources */,
				27DC7FFD7A29B65A82465EA1 /* [CP] Embed Pods Frameworks */,
				D5457CD096D5676C3FCECEA3 /* [CP] Copy Pods Resources */,
			);
			buildRules = (
			);
			dependencies = (
			);
			name = myFirstSwift;
			productName = myFirstSwift;
			productReference = 247FB50F1DE81C3E00FCAFDB /* myFirstSwift.app */;
			productType = "com.apple.product-type.application";
		};
/* End PBXNativeTarget section */

/* Begin PBXProject section */
		247FB5071DE81C3E00FCAFDB /* Project object */ = {
			isa = PBXProject;
			attributes = {
				LastSwiftUpdateCheck = 0810;
				LastUpgradeCheck = 0810;
				ORGANIZATIONNAME = tiennguyen;
				TargetAttributes = {
					247FB50E1DE81C3E00FCAFDB = {
						CreatedOnToolsVersion = 8.1;
						DevelopmentTeam = AUP8F3X3UR;
						LastSwiftMigration = 0810;
						ProvisioningStyle = Automatic;
					};
				};
			};
			buildConfigurationList = 247FB50A1DE81C3E00FCAFDB /* Build configuration list for PBXProject "myFirstSwift" */;
			compatibilityVersion = "Xcode 3.2";
			developmentRegion = English;
			hasScannedForEncodings = 0;
			knownRegions = (
				en,
				Base,
			);
			mainGroup = 247FB5061DE81C3E00FCAFDB;
			productRefGroup = 247FB5101DE81C3E00FCAFDB /* Products */;
			projectDirPath = "";
			projectRoot = "";
			targets = (
				247FB50E1DE81C3E00FCAFDB /* myFirstSwift */,
			);
		};
/* End PBXProject section */

/* Begin PBXResourcesBuildPhase section */
		247FB50D1DE81C3E00FCAFDB /* Resources */ = {
			isa = PBXResourcesBuildPhase;
			buildActionMask = 2147483647;
			files = (
				247FB5201DE81C3E00FCAFDB /* LaunchScreen.storyboard in Resources */,
				24F950BF1DFE605A00D18141 /* GoogleService-Info.plist in Resources */,
				247FB51D1DE81C3E00FCAFDB /* Assets.xcassets in Resources */,
				247FB5181DE81C3E00FCAFDB /* Main.storyboard in Resources */,
				24E914061E02B66E00DD3DE4 /* RealTimeChat.storyboard in Resources */,
			);
			runOnlyForDeploymentPostprocessing = 0;
		};
/* End PBXResourcesBuildPhase section */

/* Begin PBXShellScriptBuildPhase section */
		17596CBE23ED6252C75EF578 /* [CP] Check Pods Manifest.lock */ = {
			isa = PBXShellScriptBuildPhase;
			buildActionMask = 2147483647;
			files = (
			);
			inputPaths = (
			);
			name = "[CP] Check Pods Manifest.lock";
			outputPaths = (
			);
			runOnlyForDeploymentPostprocessing = 0;
			shellPath = /bin/sh;
			shellScript = "diff \"${PODS_ROOT}/../Podfile.lock\" \"${PODS_ROOT}/Manifest.lock\" > /dev/null\nif [ $? != 0 ] ; then\n    # print error to STDERR\n    echo \"error: The sandbox is not in sync with the Podfile.lock. Run 'pod install' or update your CocoaPods installation.\" >&2\n    exit 1\nfi\n";
			showEnvVarsInLog = 0;
		};
		27DC7FFD7A29B65A82465EA1 /* [CP] Embed Pods Frameworks */ = {
			isa = PBXShellScriptBuildPhase;
			buildActionMask = 2147483647;
			files = (
			);
			inputPaths = (
			);
			name = "[CP] Embed Pods Frameworks";
			outputPaths = (
			);
			runOnlyForDeploymentPostprocessing = 0;
			shellPath = /bin/sh;
			shellScript = "\"${SRCROOT}/Pods/Target Support Files/Pods-myFirstSwift/Pods-myFirstSwift-frameworks.sh\"\n";
			showEnvVarsInLog = 0;
		};
		D5457CD096D5676C3FCECEA3 /* [CP] Copy Pods Resources */ = {
			isa = PBXShellScriptBuildPhase;
			buildActionMask = 2147483647;
			files = (
			);
			inputPaths = (
			);
			name = "[CP] Copy Pods Resources";
			outputPaths = (
			);
			runOnlyForDeploymentPostprocessing = 0;
			shellPath = /bin/sh;
			shellScript = "\"${SRCROOT}/Pods/Target Support Files/Pods-myFirstSwift/Pods-myFirstSwift-resources.sh\"\n";
			showEnvVarsInLog = 0;
		};
/* End PBXShellScriptBuildPhase section */

/* Begin PBXSourcesBuildPhase section */
		247FB50B1DE81C3E00FCAFDB /* Sources */ = {
			isa = PBXSourcesBuildPhase;
			buildActionMask = 2147483647;
			files = (
				24ABAA051E0100FD00F004CB /* RealFireChatViewController.swift in Sources */,
				24E914031E02B58700DD3DE4 /* CreateChannelCell.swift in Sources */,
				24F950A41DFA5C9500D18141 /* DemoConversation.swift in Sources */,
				24F950A31DFA5C9500D18141 /* Conversation.swift in Sources */,
				24F9507E1DF7CBFF00D18141 /* CurrencyFormatter.swift in Sources */,
				24E9140D1E03CD1F00DD3DE4 /* NaihoChatMessengerTableViewCell.swift in Sources */,
				247FB5151DE81C3E00FCAFDB /* RxSwiftViewController.swift in Sources */,
				24F9508A1DF81F3F00D18141 /* CollectionViewSectionHeader.swift in Sources */,
				24F950971DF95D6B00D18141 /* StickyHeaderCollectionViewController.swift in Sources */,
				247FB52D1DE83E5B00FCAFDB /* AppModel.swift in Sources */,
				24ABAA031E0007F700F004CB /* StickyCollectionViewFlowLayout.swift in Sources */,
				24B630D61E0D234E004F7270 /* CustomScrollContainerMainViewController.swift in Sources */,
				24B630D81E0D244A004F7270 /* AViewController.swift in Sources */,
				243DFD531E0B886100C08D71 /* VC1ViewController.swift in Sources */,
				24B630DA1E0D2473004F7270 /* BViewController.swift in Sources */,
				24F950C31DFEAB3700D18141 /* FireChatViewController.swift in Sources */,
				240684CF1DFFB31A0036BA17 /* MainViewController.swift in Sources */,
				24B630CF1E0B980E004F7270 /* VC1NextViewController.swift in Sources */,
				24F950921DF90A7E00D18141 /* SlideShowCollectionViewCell.swift in Sources */,
				247FB52B1DE83D2300FCAFDB /* BinaryKit.swift in Sources */,
				243DFD4C1E092ACD00C08D71 /* CartViewController.swift in Sources */,
				24B630CD1E0B94DB004F7270 /* VC2ViewController.swift in Sources */,
				24E914021E02B58700DD3DE4 /* ChatViewController.swift in Sources */,
				24F9509A1DF9738700D18141 /* CSStickyHeaderFlowLayout.swift in Sources */,
				24B630D31E0CD941004F7270 /* CustomTabAnimatedTransitioning.swift in Sources */,
				24E914011E02B58700DD3DE4 /* ChannelListViewController.swift in Sources */,
				24F950891DF81F3F00D18141 /* CollectionViewCell.swift in Sources */,
				24E9140B1E03CC4300DD3DE4 /* NaihoChatMessengerViewController.swift in Sources */,
				24B630DC1E0D248F004F7270 /* CViewController.swift in Sources */,
				24F950811DF7EFF100D18141 /* BaseViewController.swift in Sources */,
				24F950781DF7C93C00D18141 /* Chocolate.swift in Sources */,
				24F950A51DFA5C9500D18141 /* ChatInitalTableViewController.swift in Sources */,
				247FB5291DE81F3300FCAFDB /* ViewSetModel.swift in Sources */,
				24F950C11DFE629400D18141 /* FireChatLoginViewController.swift in Sources */,
				247FB51B1DE81C3E00FCAFDB /* myFirstSwift.xcdatamodeld in Sources */,
				24F950A61DFA5C9500D18141 /* SettingsTableViewController.swift in Sources */,
				24E914001E02B58700DD3DE4 /* Channel.swift in Sources */,
				24E9140F1E03D3DB00DD3DE4 /* NaihoChatMessengerModel.swift in Sources */,
				24E914141E03D60700DD3DE4 /* NaihoUserModel.swift in Sources */,
				243DFD511E0B7E5800C08D71 /* CustomTabBar.swift in Sources */,
				24F9507A1DF7CA1F00D18141 /* ShoppingCart.swift in Sources */,
				24F950831DF816FF00D18141 /* StickyCollectionViewController.swift in Sources */,
				24E914041E02B58700DD3DE4 /* LoginViewController.swift in Sources */,
				24F950A21DFA5C9500D18141 /* JSQChatViewController.swift in Sources */,
				24E914081E03925000DD3DE4 /* UIImage+Gif.swift in Sources */,
				24F9509B1DF9738700D18141 /* CSStickyHeaderFlowLayoutAttributes.swift in Sources */,
				24F950881DF81F3F00D18141 /* CollectionParallaxHeader.swift in Sources */,
				243DFD4F1E0B7A8000C08D71 /* CustomTabBarMainViewController.swift in Sources */,
				24E914161E077C8000DD3DE4 /* NaihoConstants.swift in Sources */,
				24B630D11E0BDCBD004F7270 /* CustomTabBarItem.swift in Sources */,
				24F950951DF95D1C00D18141 /* StickyHeaderCollectionViewCell.swift in Sources */,
				24F9507C1DF7CBB100D18141 /* ChocolateCell.swift in Sources */,
				247FB5131DE81C3E00FCAFDB /* AppDelegate.swift in Sources */,
				24E914111E03D53400DD3DE4 /* NaihoMessageModel.swift in Sources */,
			);
			runOnlyForDeploymentPostprocessing = 0;
		};
/* End PBXSourcesBuildPhase section */

/* Begin PBXVariantGroup section */
		247FB5161DE81C3E00FCAFDB /* Main.storyboard */ = {
			isa = PBXVariantGroup;
			children = (
				247FB5171DE81C3E00FCAFDB /* Base */,
			);
			name = Main.storyboard;
			sourceTree = "<group>";
		};
		247FB51E1DE81C3E00FCAFDB /* LaunchScreen.storyboard */ = {
			isa = PBXVariantGroup;
			children = (
				247FB51F1DE81C3E00FCAFDB /* Base */,
			);
			name = LaunchScreen.storyboard;
			sourceTree = "<group>";
		};
/* End PBXVariantGroup section */

/* Begin XCBuildConfiguration section */
		247FB5221DE81C3E00FCAFDB /* Debug */ = {
			isa = XCBuildConfiguration;
			buildSettings = {
				ALWAYS_SEARCH_USER_PATHS = NO;
				CLANG_ANALYZER_NONNULL = YES;
				CLANG_CXX_LANGUAGE_STANDARD = "gnu++0x";
				CLANG_CXX_LIBRARY = "libc++";
				CLANG_ENABLE_MODULES = YES;
				CLANG_ENABLE_OBJC_ARC = YES;
				CLANG_WARN_BOOL_CONVERSION = YES;
				CLANG_WARN_CONSTANT_CONVERSION = YES;
				CLANG_WARN_DIRECT_OBJC_ISA_USAGE = YES_ERROR;
				CLANG_WARN_DOCUMENTATION_COMMENTS = YES;
				CLANG_WARN_EMPTY_BODY = YES;
				CLANG_WARN_ENUM_CONVERSION = YES;
				CLANG_WARN_INFINITE_RECURSION = YES;
				CLANG_WARN_INT_CONVERSION = YES;
				CLANG_WARN_OBJC_ROOT_CLASS = YES_ERROR;
				CLANG_WARN_SUSPICIOUS_MOVE = YES;
				CLANG_WARN_SUSPICIOUS_MOVES = YES;
				CLANG_WARN_UNREACHABLE_CODE = YES;
				CLANG_WARN__DUPLICATE_METHOD_MATCH = YES;
				"CODE_SIGN_IDENTITY[sdk=iphoneos*]" = "iPhone Developer";
				COPY_PHASE_STRIP = NO;
				DEBUG_INFORMATION_FORMAT = dwarf;
				ENABLE_STRICT_OBJC_MSGSEND = YES;
				ENABLE_TESTABILITY = YES;
				GCC_C_LANGUAGE_STANDARD = gnu99;
				GCC_DYNAMIC_NO_PIC = NO;
				GCC_NO_COMMON_BLOCKS = YES;
				GCC_OPTIMIZATION_LEVEL = 0;
				GCC_PREPROCESSOR_DEFINITIONS = (
					"DEBUG=1",
					"$(inherited)",
				);
				GCC_WARN_64_TO_32_BIT_CONVERSION = YES;
				GCC_WARN_ABOUT_RETURN_TYPE = YES_ERROR;
				GCC_WARN_UNDECLARED_SELECTOR = YES;
				GCC_WARN_UNINITIALIZED_AUTOS = YES_AGGRESSIVE;
				GCC_WARN_UNUSED_FUNCTION = YES;
				GCC_WARN_UNUSED_VARIABLE = YES;
				IPHONEOS_DEPLOYMENT_TARGET = 10.1;
				MTL_ENABLE_DEBUG_INFO = YES;
				ONLY_ACTIVE_ARCH = YES;
				SDKROOT = iphoneos;
				SWIFT_ACTIVE_COMPILATION_CONDITIONS = DEBUG;
				SWIFT_OBJC_BRIDGING_HEADER = "myFirstSwift/myFirstSwift-Bridging-Header.h";
				SWIFT_OPTIMIZATION_LEVEL = "-Onone";
				TARGETED_DEVICE_FAMILY = "1,2";
			};
			name = Debug;
		};
		247FB5231DE81C3E00FCAFDB /* Release */ = {
			isa = XCBuildConfiguration;
			buildSettings = {
				ALWAYS_SEARCH_USER_PATHS = NO;
				CLANG_ANALYZER_NONNULL = YES;
				CLANG_CXX_LANGUAGE_STANDARD = "gnu++0x";
				CLANG_CXX_LIBRARY = "libc++";
				CLANG_ENABLE_MODULES = YES;
				CLANG_ENABLE_OBJC_ARC = YES;
				CLANG_WARN_BOOL_CONVERSION = YES;
				CLANG_WARN_CONSTANT_CONVERSION = YES;
				CLANG_WARN_DIRECT_OBJC_ISA_USAGE = YES_ERROR;
				CLANG_WARN_DOCUMENTATION_COMMENTS = YES;
				CLANG_WARN_EMPTY_BODY = YES;
				CLANG_WARN_ENUM_CONVERSION = YES;
				CLANG_WARN_INFINITE_RECURSION = YES;
				CLANG_WARN_INT_CONVERSION = YES;
				CLANG_WARN_OBJC_ROOT_CLASS = YES_ERROR;
				CLANG_WARN_SUSPICIOUS_MOVE = YES;
				CLANG_WARN_SUSPICIOUS_MOVES = YES;
				CLANG_WARN_UNREACHABLE_CODE = YES;
				CLANG_WARN__DUPLICATE_METHOD_MATCH = YES;
				"CODE_SIGN_IDENTITY[sdk=iphoneos*]" = "iPhone Developer";
				COPY_PHASE_STRIP = NO;
				DEBUG_INFORMATION_FORMAT = "dwarf-with-dsym";
				ENABLE_NS_ASSERTIONS = NO;
				ENABLE_STRICT_OBJC_MSGSEND = YES;
				GCC_C_LANGUAGE_STANDARD = gnu99;
				GCC_NO_COMMON_BLOCKS = YES;
				GCC_WARN_64_TO_32_BIT_CONVERSION = YES;
				GCC_WARN_ABOUT_RETURN_TYPE = YES_ERROR;
				GCC_WARN_UNDECLARED_SELECTOR = YES;
				GCC_WARN_UNINITIALIZED_AUTOS = YES_AGGRESSIVE;
				GCC_WARN_UNUSED_FUNCTION = YES;
				GCC_WARN_UNUSED_VARIABLE = YES;
				IPHONEOS_DEPLOYMENT_TARGET = 10.1;
				MTL_ENABLE_DEBUG_INFO = NO;
				SDKROOT = iphoneos;
				SWIFT_OBJC_BRIDGING_HEADER = "myFirstSwift/myFirstSwift-Bridging-Header.h";
				SWIFT_OPTIMIZATION_LEVEL = "-Owholemodule";
				TARGETED_DEVICE_FAMILY = "1,2";
				VALIDATE_PRODUCT = YES;
			};
			name = Release;
		};
		247FB5251DE81C3E00FCAFDB /* Debug */ = {
			isa = XCBuildConfiguration;
			baseConfigurationReference = 0E8D20784C68E029C44FFDEF /* Pods-myFirstSwift.debug.xcconfig */;
			buildSettings = {
				ASSETCATALOG_COMPILER_APPICON_NAME = AppIcon;
				CLANG_ENABLE_MODULES = YES;
				DEVELOPMENT_TEAM = AUP8F3X3UR;
				INFOPLIST_FILE = myFirstSwift/Info.plist;
				LD_RUNPATH_SEARCH_PATHS = "$(inherited) @executable_path/Frameworks";
				PRODUCT_BUNDLE_IDENTIFIER = neit.myFirstSwift;
				PRODUCT_NAME = "$(TARGET_NAME)";
				SWIFT_OPTIMIZATION_LEVEL = "-Onone";
				SWIFT_VERSION = 3.0;
			};
			name = Debug;
		};
		247FB5261DE81C3E00FCAFDB /* Release */ = {
			isa = XCBuildConfiguration;
			baseConfigurationReference = 26665E57A1AB3AB07AA41858 /* Pods-myFirstSwift.release.xcconfig */;
			buildSettings = {
				ASSETCATALOG_COMPILER_APPICON_NAME = AppIcon;
				CLANG_ENABLE_MODULES = YES;
				DEVELOPMENT_TEAM = AUP8F3X3UR;
				INFOPLIST_FILE = myFirstSwift/Info.plist;
				LD_RUNPATH_SEARCH_PATHS = "$(inherited) @executable_path/Frameworks";
				PRODUCT_BUNDLE_IDENTIFIER = neit.myFirstSwift;
				PRODUCT_NAME = "$(TARGET_NAME)";
				SWIFT_VERSION = 3.0;
			};
			name = Release;
		};
/* End XCBuildConfiguration section */

/* Begin XCConfigurationList section */
		247FB50A1DE81C3E00FCAFDB /* Build configuration list for PBXProject "myFirstSwift" */ = {
			isa = XCConfigurationList;
			buildConfigurations = (
				247FB5221DE81C3E00FCAFDB /* Debug */,
				247FB5231DE81C3E00FCAFDB /* Release */,
			);
			defaultConfigurationIsVisible = 0;
			defaultConfigurationName = Release;
		};
		247FB5241DE81C3E00FCAFDB /* Build configuration list for PBXNativeTarget "myFirstSwift" */ = {
			isa = XCConfigurationList;
			buildConfigurations = (
				247FB5251DE81C3E00FCAFDB /* Debug */,
				247FB5261DE81C3E00FCAFDB /* Release */,
			);
			defaultConfigurationIsVisible = 0;
			defaultConfigurationName = Release;
		};
/* End XCConfigurationList section */

/* Begin XCVersionGroup section */
		247FB5191DE81C3E00FCAFDB /* myFirstSwift.xcdatamodeld */ = {
			isa = XCVersionGroup;
			children = (
				247FB51A1DE81C3E00FCAFDB /* myFirstSwift.xcdatamodel */,
			);
			currentVersion = 247FB51A1DE81C3E00FCAFDB /* myFirstSwift.xcdatamodel */;
			path = myFirstSwift.xcdatamodeld;
			sourceTree = "<group>";
			versionGroupType = wrapper.xcdatamodel;
		};
/* End XCVersionGroup section */
	};
	rootObject = 247FB5071DE81C3E00FCAFDB /* Project object */;
}
