PODS:
  - Alamofire (4.1.0)
  - AlamofireImage (3.2.0):
    - Alamofire (~> 4.1)
  - BATabBarController (0.1.3):
    - Masonry
  - Bolts (1.8.4):
    - Bolts/AppLinks (= 1.8.4)
    - Bolts/Tasks (= 1.8.4)
  - Bolts/AppLinks (1.8.4):
    - Bolts/Tasks
  - Bolts/Tasks (1.8.4)
  - FacebookCore (0.2.0):
    - Bolts (~> 1.8)
    - FBSDKCoreKit (~> 4.15)
  - FacebookLogin (0.2.0):
    - Bolts (~> 1.8)
    - FacebookCore (~> 0.2)
    - FBSDKCoreKit (~> 4.15)
    - FBSDKLoginKit (~> 4.15)
  - FacebookShare (0.2.0):
    - Bolts (~> 1.8)
    - FacebookCore (~> 0.2)
    - FBSDKCoreKit (~> 4.15)
    - FBSDKShareKit (~> 4.15)
  - FBSDKCoreKit (4.18.0):
    - Bolts (~> 1.7)
  - FBSDKLoginKit (4.18.0):
    - FBSDKCoreKit
  - FBSDKShareKit (4.18.0):
    - FBSDKCoreKit
  - Firebase/AdMob (3.10.0):
    - Firebase/Core
    - Google-Mobile-Ads-SDK (= 7.15.0)
  - Firebase/Auth (3.10.0):
    - Firebase/Core
    - FirebaseAuth (= 3.0.6)
  - Firebase/Core (3.10.0):
    - FirebaseAnalytics (= 3.6.0)
    - FirebaseCore (= 3.4.5)
  - Firebase/Crash (3.10.0):
    - Firebase/Core
    - FirebaseCrash (= 1.1.4)
  - Firebase/Database (3.10.0):
    - Firebase/Core
    - FirebaseDatabase (= 3.1.1)
  - Firebase/RemoteConfig (3.10.0):
    - Firebase/Core
    - FirebaseRemoteConfig (= 1.3.1)
  - Firebase/Storage (3.10.0):
    - Firebase/Core
    - FirebaseStorage (= 1.0.5)
  - FirebaseAnalytics (3.6.0):
    - FirebaseCore (~> 3.4)
    - FirebaseInstanceID (~> 1.0)
    - GoogleInterchangeUtilities (~> 1.2)
    - GoogleSymbolUtilities (~> 1.1)
    - GoogleToolboxForMac/NSData+zlib (~> 2.1)
  - FirebaseAuth (3.0.6):
    - FirebaseAnalytics (~> 3.4)
    - GoogleToolboxForMac/NSDictionary+URLArguments (~> 2.1)
    - GTMSessionFetcher/Core (~> 1.1)
  - FirebaseCore (3.4.5):
    - GoogleInterchangeUtilities (~> 1.2)
    - GoogleToolboxForMac/NSData+zlib (~> 2.1)
  - FirebaseCrash (1.1.4):
    - FirebaseAnalytics (~> 3.5)
    - FirebaseInstanceID (~> 1.0)
    - GoogleInterchangeUtilities (~> 1.2)
    - GoogleSymbolUtilities (~> 1.1)
    - GoogleToolboxForMac/Logger (~> 2.1)
    - GoogleToolboxForMac/NSData+zlib (~> 2.1)
  - FirebaseDatabase (3.1.1):
    - FirebaseAnalytics (~> 3.5)
  - FirebaseInstanceID (1.0.8)
  - FirebaseRemoteConfig (1.3.1):
    - FirebaseAnalytics (~> 3.4)
    - FirebaseInstanceID (~> 1.0)
    - GoogleInterchangeUtilities (~> 1.2)
    - GoogleSymbolUtilities (~> 1.1)
    - GoogleToolboxForMac/NSData+zlib (~> 2.1)
  - FirebaseStorage (1.0.5):
    - FirebaseAnalytics (~> 3.5)
    - GTMSessionFetcher/Core (~> 1.1)
  - Google-Mobile-Ads-SDK (7.15.0)
  - GoogleInterchangeUtilities (1.2.2):
    - GoogleSymbolUtilities (~> 1.1)
  - GoogleSymbolUtilities (1.1.2)
  - GoogleToolboxForMac/DebugUtils (2.1.0):
    - GoogleToolboxForMac/Defines (= 2.1.0)
  - GoogleToolboxForMac/Defines (2.1.0)
  - GoogleToolboxForMac/Logger (2.1.0):
    - GoogleToolboxForMac/Defines (= 2.1.0)
  - GoogleToolboxForMac/NSData+zlib (2.1.0):
    - GoogleToolboxForMac/Defines (= 2.1.0)
  - GoogleToolboxForMac/NSDictionary+URLArguments (2.1.0):
    - GoogleToolboxForMac/DebugUtils (= 2.1.0)
    - GoogleToolboxForMac/Defines (= 2.1.0)
    - GoogleToolboxForMac/NSString+URLArguments (= 2.1.0)
  - GoogleToolboxForMac/NSString+URLArguments (2.1.0)
  - GTMSessionFetcher/Core (1.1.7)
  - ImageSlideshow (1.0.0-beta.1):
    - ImageSlideshow/Core (= 1.0.0-beta.1)
  - ImageSlideshow/Alamofire (1.0.0-beta.1):
    - AlamofireImage (~> 3.0)
    - ImageSlideshow/Core
  - ImageSlideshow/Core (1.0.0-beta.1)
  - ImageSlideshow/Kingfisher (1.0.0-beta.1):
    - ImageSlideshow/Core
    - Kingfisher (~> 3.0)
  - JSQMessagesViewController (7.3.4)
  - JSQSystemSoundPlayer (4.4.0)
  - Kingfisher (3.2.2)
  - Masonry (1.0.2)
  - RAMAnimatedTabBarController (2.1.1)
  - RxCocoa (3.0.1):
    - RxSwift (~> 3.0)
  - RxSwift (3.0.1)
  - Segmentio (2.1)
  - SnapKit (3.0.2)
  - Socket.IO-Client-Swift (8.1.2)
  - SwiftSocket (2.0)
  - SwiftyJSON (3.1.1)
  - TabPageViewController (0.2.1)
  - XLPagerTabStrip (6.0.0)

DEPENDENCIES:
  - Alamofire
  - BATabBarController
  - FacebookCore
  - FacebookLogin
  - FacebookShare
  - Firebase/AdMob
  - Firebase/Auth
  - Firebase/Crash
  - Firebase/Database
  - Firebase/RemoteConfig
  - Firebase/Storage
  - ImageSlideshow (~> 1.0.0-beta.1)
  - ImageSlideshow/Alamofire
  - ImageSlideshow/Kingfisher
  - JSQMessagesViewController (from `https://github.com/jessesquires/JSQMessagesViewController.git`, branch `develop`)
  - JSQSystemSoundPlayer
  - RAMAnimatedTabBarController
  - RxCocoa
  - RxSwift
  - Segmentio
  - SnapKit
  - Socket.IO-Client-Swift
  - SwiftSocket
  - SwiftyJSON
  - TabPageViewController (from `https://github.com/EndouMari/TabPageViewController`, branch `swift_3`)
  - XLPagerTabStrip

EXTERNAL SOURCES:
  JSQMessagesViewController:
    :branch: develop
    :git: https://github.com/jessesquires/JSQMessagesViewController.git
  TabPageViewController:
    :branch: swift_3
    :git: https://github.com/EndouMari/TabPageViewController

CHECKOUT OPTIONS:
  JSQMessagesViewController:
    :commit: 7842c0c0cd43807ab6a88f60cb8f34122f82a1c8
    :git: https://github.com/jessesquires/JSQMessagesViewController.git
  TabPageViewController:
    :commit: 138230bfeb2830cad55711c7df8081b503fb5799
    :git: https://github.com/EndouMari/TabPageViewController

SPEC CHECKSUMS:
  Alamofire: e266cf991b933498df791e645e0d8ac294492153
  AlamofireImage: 157ed682cc81d3b9db4fb90c1f12180ac552d93b
  BATabBarController: b198a0530fff9233450ed35f43a96431e0815d31
  Bolts: 8a7995239dbe724f9cba2248b766d48b7ebdd322
  FacebookCore: 2cb3f0fbff218e9d3119cec84bae983b232412de
  FacebookLogin: c9d606504735780a9e3002465a615512e0a691a5
  FacebookShare: 8e9ee8ea06505e6a1d3d719b0cc63e840fb8aaeb
  FBSDKCoreKit: 15fef8804a4629f98c6f4e55e81a76c9d725d85e
  FBSDKLoginKit: 6773073e970b2b15fb12e451ce7f11da0532b880
  FBSDKShareKit: 0b8d6cc3f103c75297eb3c62caec284a2ccf1b9e
  Firebase: 387f37c7dca894a02708da9ff35ba147040eae9e
  FirebaseAnalytics: 9c67af0ebeb8d2146c9b4ea2616439affa947b58
  FirebaseAuth: 96e9674ff31d6e1f826d53e26aa003a57cab0295
  FirebaseCore: 1e383fdfe37b6b5d6ff88e84204bdee30276af0f
  FirebaseCrash: 34f0349908ec87945a5ae96c402e7201a3f3aede
  FirebaseDatabase: 6de92187481ff0e8e124064f21742e95ee883b02
  FirebaseInstanceID: ba1e640935235e5fac39dfa816fe7660e72e1a8a
  FirebaseRemoteConfig: 383a9afe0a9291ada949e3f615257928a823b594
  FirebaseStorage: 5738284835edb57f0e81d4ae5832bb17c1e4b5fa
  Google-Mobile-Ads-SDK: 75d41dfcf06f7666ab211573d212768b0f766c5d
  GoogleInterchangeUtilities: d5bc4d88d5b661ab72f9d70c58d02ca8c27ad1f7
  GoogleSymbolUtilities: 631ee17048aa5e9ab133470d768ea997a5ef9b96
  GoogleToolboxForMac: 2b2596cbb7186865e98cadf2b1e262d851c2b168
  GTMSessionFetcher: a1f8ed39e4fe21c68957daed472c7afbcdf29166
  ImageSlideshow: adf31cd12d65c1e78c15d024b9227d56fc46208c
  JSQMessagesViewController: c11b9e77372ab72c45c67311f6da7342e32df1e8
  JSQSystemSoundPlayer: 126ccc4a08db8fc3036bd07d33b0f8eda1559476
  Kingfisher: 821466474ad7ffc375a4aecadfa05068cfed67b3
  Masonry: 7c429b56da9d4ee0bbb3ed77a5ea710d6a5df39e
  RAMAnimatedTabBarController: 128e0d71dc802766de575a3c59c6fdcc8e2f921b
  RxCocoa: 15a52fc590dcc700cb4a690a633b5c5184ce3a78
  RxSwift: af5680055c4ad04480189c52d28385b1029493a6
  Segmentio: ec9451dde6e5668f4b6a88c901a035faf08f8612
  SnapKit: 2e456761aa92d4d4067a7a5594c18769d451a8ad
  Socket.IO-Client-Swift: 542d82e6708f9901b3f6c1d134fb60fa0d09d4d1
  SwiftSocket: 279de0cc1629ccbf37a475f5d96be30024394d8d
  SwiftyJSON: f0be2e604f83e8405a624e9f891898bf6ed4e019
  TabPageViewController: a4b46480e21251000962abad071b538679dbc2ad
  XLPagerTabStrip: c46e802a8dcac29edbcea573de8fe920e052455b

PODFILE CHECKSUM: fecfbc7594fb446130c6632f2670bc2734bb62bc

COCOAPODS: 1.2.0
